{
  "name": "myproject",
  "version": "1.0.0",
  "lockfileVersion": 1,
  "requires": true,
  "dependencies": {
    "diff": {
      "version": "3.5.0",
      "resolved": "https://registry.npmjs.org/diff/-/diff-3.5.0.tgz",
      "integrity": "sha512-A46qtFgd+g7pDZinpnwiRJtxbC1hpgf0uzP3iG89scHk0AUC7A1TGxf5OiiOUv/JMZR8GOt8hL900hV0bOy5xA==",
      "dev": true
    },
    "install": {
      "version": "0.10.4",
      "resolved": "https://registry.npmjs.org/install/-/install-0.10.4.tgz",
      "integrity": "sha512-+IRyOastuPmLVx9zlVXJoKErSqz1Ma5at9A7S8yfsj3W+Kg95faPoh3bPDtMrZ/grz4PRmXzrswmlzfLlYyLOw==",
      "dev": true
    }
  }
}
